
Microsoft Visual Studio Solution File, Format Version 12.00
# Visual Studio Version 16
VisualStudioVersion = 16.0.32228.343
MinimumVisualStudioVersion = 10.0.40219.1
Project("{9A19103F-16F7-4668-BE54-9A1E7A4F7556}") = "ProductManagement.WebApi", "ProductManagement.WebApi\ProductManagement.WebApi.csproj", "{86CC7A88-E459-4EAE-8552-0BED1EF95A54}"
EndProject
Project("{9A19103F-16F7-4668-BE54-9A1E7A4F7556}") = "EntityLayer", "EntityLayer\EntityLayer.csproj", "{4EDF7613-1CCC-4EA5-8AF4-A212418E53B9}"
EndProject
Project("{9A19103F-16F7-4668-BE54-9A1E7A4F7556}") = "ProductManagement.DataAccesLayer", "ProductManagement.DataAccesLayer\ProductManagement.DataAccesLayer.csproj", "{06D03CC1-2EA9-48D2-9676-96C899B16AE2}"
EndProject
Project("{FAE04EC0-301F-11D3-BF4B-00C04F79EFBC}") = "ProductManagement.Services", "ProductManagement.Services\ProductManagement.Services.csproj", "{D7512D51-56D5-46D1-85A7-538ECAC5025B}"
EndProject
Global
	GlobalSection(SolutionConfigurationPlatforms) = preSolution
		Debug|Any CPU = Debug|Any CPU
		Release|Any CPU = Release|Any CPU
	EndGlobalSection
	GlobalSection(ProjectConfigurationPlatforms) = postSolution
		{86CC7A88-E459-4EAE-8552-0BED1EF95A54}.Debug|Any CPU.ActiveCfg = Debug|Any CPU
		{86CC7A88-E459-4EAE-8552-0BED1EF95A54}.Debug|Any CPU.Build.0 = Debug|Any CPU
		{86CC7A88-E459-4EAE-8552-0BED1EF95A54}.Release|Any CPU.ActiveCfg = Release|Any CPU
		{86CC7A88-E459-4EAE-8552-0BED1EF95A54}.Release|Any CPU.Build.0 = Release|Any CPU
		{4EDF7613-1CCC-4EA5-8AF4-A212418E53B9}.Debug|Any CPU.ActiveCfg = Debug|Any CPU
		{4EDF7613-1CCC-4EA5-8AF4-A212418E53B9}.Debug|Any CPU.Build.0 = Debug|Any CPU
		{4EDF7613-1CCC-4EA5-8AF4-A212418E53B9}.Release|Any CPU.ActiveCfg = Release|Any CPU
		{4EDF7613-1CCC-4EA5-8AF4-A212418E53B9}.Release|Any CPU.Build.0 = Release|Any CPU
		{06D03CC1-2EA9-48D2-9676-96C899B16AE2}.Debug|Any CPU.ActiveCfg = Debug|Any CPU
		{06D03CC1-2EA9-48D2-9676-96C899B16AE2}.Debug|Any CPU.Build.0 = Debug|Any CPU
		{06D03CC1-2EA9-48D2-9676-96C899B16AE2}.Release|Any CPU.ActiveCfg = Release|Any CPU
		{06D03CC1-2EA9-48D2-9676-96C899B16AE2}.Release|Any CPU.Build.0 = Release|Any CPU
		{D7512D51-56D5-46D1-85A7-538ECAC5025B}.Debug|Any CPU.ActiveCfg = Debug|Any CPU
		{D7512D51-56D5-46D1-85A7-538ECAC5025B}.Debug|Any CPU.Build.0 = Debug|Any CPU
		{D7512D51-56D5-46D1-85A7-538ECAC5025B}.Release|Any CPU.ActiveCfg = Release|Any CPU
		{D7512D51-56D5-46D1-85A7-538ECAC5025B}.Release|Any CPU.Build.0 = Release|Any CPU
	EndGlobalSection
	GlobalSection(SolutionProperties) = preSolution
		HideSolutionNode = FALSE
	EndGlobalSection
	GlobalSection(ExtensibilityGlobals) = postSolution
		SolutionGuid = {67BB3EEB-F14D-404A-9884-7A55F4B001BB}
	EndGlobalSection
EndGlobal
